// !$*UTF8*$!
{
	archiveVersion = 1;
	classes = {
	};
	objectVersion = 46;
	objects = {

/* Begin PBXBuildFile section */
		26D0BB1B1C73647400285584 /* AppDelegate.swift in Sources */ = {isa = PBXBuildFile; fileRef = 26D0BB1A1C73647400285584 /* AppDelegate.swift */; };
		26D0BB1D1C73647400285584 /* MainViewController.swift in Sources */ = {isa = PBXBuildFile; fileRef = 26D0BB1C1C73647400285584 /* MainViewController.swift */; };
		26D0BB201C73647400285584 /* Main.storyboard in Resources */ = {isa = PBXBuildFile; fileRef = 26D0BB1E1C73647400285584 /* Main.storyboard */; };
		26D0BB231C73647400285584 /* MPS.xcdatamodeld in Sources */ = {isa = PBXBuildFile; fileRef = 26D0BB211C73647400285584 /* MPS.xcdatamodeld */; };
		26D0BB251C73647500285584 /* Assets.xcassets in Resources */ = {isa = PBXBuildFile; fileRef = 26D0BB241C73647500285584 /* Assets.xcassets */; };
		26D0BB281C73647500285584 /* LaunchScreen.storyboard in Resources */ = {isa = PBXBuildFile; fileRef = 26D0BB261C73647500285584 /* LaunchScreen.storyboard */; };
/* End PBXBuildFile section */

/* Begin PBXFileReference section */
		26D0BB171C73647400285584 /* MPS.app */ = {isa = PBXFileReference; explicitFileType = wrapper.application; includeInIndex = 0; path = MPS.app; sourceTree = BUILT_PRODUCTS_DIR; };
		26D0BB1A1C73647400285584 /* AppDelegate.swift */ = {isa = PBXFileReference; lastKnownFileType = sourcecode.swift; path = AppDelegate.swift; sourceTree = "<group>"; };
		26D0BB1C1C73647400285584 /* MainViewController.swift */ = {isa = PBXFileReference; lastKnownFileType = sourcecode.swift; path = MainViewController.swift; sourceTree = "<group>"; };
		26D0BB1F1C73647400285584 /* Base */ = {isa = PBXFileReference; lastKnownFileType = file.storyboard; name = Base; path = Base.lproj/Main.storyboard; sourceTree = "<group>"; };
		26D0BB221C73647400285584 /* MPS.xcdatamodel */ = {isa = PBXFileReference; lastKnownFileType = wrapper.xcdatamodel; path = MPS.xcdatamodel; sourceTree = "<group>"; };
		26D0BB241C73647500285584 /* Assets.xcassets */ = {isa = PBXFileReference; lastKnownFileType = folder.assetcatalog; path = Assets.xcassets; sourceTree = "<group>"; };
		26D0BB271C73647500285584 /* Base */ = {isa = PBXFileReference; lastKnownFileType = file.storyboard; name = Base; path = Base.lproj/LaunchScreen.storyboard; sourceTree = "<group>"; };
		26D0BB291C73647500285584 /* Info.plist */ = {isa = PBXFileReference; lastKnownFileType = text.plist.xml; path = Info.plist; sourceTree = "<group>"; };
/* End PBXFileReference section */

/* Begin PBXFrameworksBuildPhase section */
		26D0BB141C73647400285584 /* Frameworks */ = {
			isa = PBXFrameworksBuildPhase;
			buildActionMask = 2147483647;
			files = (
			);
			runOnlyForDeploymentPostprocessing = 0;
		};
/* End PBXFrameworksBuildPhase section */

/* Begin PBXGroup section */
		26D0BB0E1C73647400285584 = {
			isa = PBXGroup;
			children = (
				26D0BB191C73647400285584 /* MPS */,
				26D0BB181C73647400285584 /* Products */,
			);
			sourceTree = "<group>";
		};
		26D0BB181C73647400285584 /* Products */ = {
			isa = PBXGroup;
			children = (
				26D0BB171C73647400285584 /* MPS.app */,
			);
			name = Products;
			sourceTree = "<group>";
		};
		26D0BB191C73647400285584 /* MPS */ = {
			isa = PBXGroup;
			children = (
				26D0BB1A1C73647400285584 /* AppDelegate.swift */,
				26D0BB1C1C73647400285584 /* MainViewController.swift */,
				26D0BB1E1C73647400285584 /* Main.storyboard */,
				26D0BB241C73647500285584 /* Assets.xcassets */,
				26D0BB261C73647500285584 /* LaunchScreen.storyboard */,
				26D0BB291C73647500285584 /* Info.plist */,
				26D0BB211C73647400285584 /* MPS.xcdatamodeld */,
			);
			path = MPS;
			sourceTree = "<group>";
		};
/* End PBXGroup section */

/* Begin PBXNativeTarget section */
		26D0BB161C73647400285584 /* MPS */ = {
			isa = PBXNativeTarget;
			buildConfigurationList = 26D0BB2C1C73647500285584 /* Build configuration list for PBXNativeTarget "MPS" */;
			buildPhases = (
				26D0BB131C73647400285584 /* Sources */,
				26D0BB141C73647400285584 /* Frameworks */,
				26D0BB151C73647400285584 /* Resources */,
			);
			buildRules = (
			);
			dependencies = (
			);
			name = MPS;
			productName = MPS;
			productReference = 26D0BB171C73647400285584 /* MPS.app */;
			productType = "com.apple.product-type.application";
		};
/* End PBXNativeTarget section */

/* Begin PBXProject section */
		26D0BB0F1C73647400285584 /* Project object */ = {
			isa = PBXProject;
			attributes = {
				LastSwiftUpdateCheck = 0720;
				LastUpgradeCheck = 0720;
				ORGANIZATIONNAME = sandric;
				TargetAttributes = {
					26D0BB161C73647400285584 = {
						CreatedOnToolsVersion = 7.2.1;
					};
				};
			};
			buildConfigurationList = 26D0BB121C73647400285584 /* Build configuration list for PBXProject "MPS" */;
			compatibilityVersion = "Xcode 3.2";
			developmentRegion = English;
			hasScannedForEncodings = 0;
			knownRegions = (
				en,
				Base,
			);
			mainGroup = 26D0BB0E1C73647400285584;
			productRefGroup = 26D0BB181C73647400285584 /* Products */;
			projectDirPath = "";
			projectRoot = "";
			targets = (
				26D0BB161C73647400285584 /* MPS */,
			);
		};
/* End PBXProject section */

/* Begin PBXResourcesBuildPhase section */
		26D0BB151C73647400285584 /* Resources */ = {
			isa = PBXResourcesBuildPhase;
			buildActionMask = 2147483647;
			files = (
				26D0BB281C73647500285584 /* LaunchScreen.storyboard in Resources */,
				26D0BB251C73647500285584 /* Assets.xcassets in Resources */,
				26D0BB201C73647400285584 /* Main.storyboard in Resources */,
			);
			runOnlyForDeploymentPostprocessing = 0;
		};
/* End PBXResourcesBuildPhase section */

/* Begin PBXSourcesBuildPhase section */
		26D0BB131C73647400285584 /* Sources */ = {
			isa = PBXSourcesBuildPhase;
			buildActionMask = 2147483647;
			files = (
				26D0BB1D1C73647400285584 /* MainViewController.swift in Sources */,
				26D0BB1B1C73647400285584 /* AppDelegate.swift in Sources */,
				26D0BB231C73647400285584 /* MPS.xcdatamodeld in Sources */,
			);
			runOnlyForDeploymentPostprocessing = 0;
		};
/* End PBXSourcesBuildPhase section */

/* Begin PBXVariantGroup section */
		26D0BB1E1C73647400285584 /* Main.storyboard */ = {
			isa = PBXVariantGroup;
			children = (
				26D0BB1F1C73647400285584 /* Base */,
			);
			name = Main.storyboard;
			sourceTree = "<group>";
		};
		26D0BB261C73647500285584 /* LaunchScreen.storyboard */ = {
			isa = PBXVariantGroup;
			children = (
				26D0BB271C73647500285584 /* Base */,
			);
			name = LaunchScreen.storyboard;
			sourceTree = "<group>";
		};
/* End PBXVariantGroup section */

/* Begin XCBuildConfiguration section */
		26D0BB2A1C73647500285584 /* Debug */ = {
			isa = XCBuildConfiguration;
			buildSettings = {
				ALWAYS_SEARCH_USER_PATHS = NO;
				CLANG_CXX_LANGUAGE_STANDARD = "gnu++0x";
				CLANG_CXX_LIBRARY = "libc++";
				CLANG_ENABLE_MODULES = YES;
				CLANG_ENABLE_OBJC_ARC = YES;
				CLANG_WARN_BOOL_CONVERSION = YES;
				CLANG_WARN_CONSTANT_CONVERSION = YES;
				CLANG_WARN_DIRECT_OBJC_ISA_USAGE = YES_ERROR;
				CLANG_WARN_EMPTY_BODY = YES;
				CLANG_WARN_ENUM_CONVERSION = YES;
				CLANG_WARN_INT_CONVERSION = YES;
				CLANG_WARN_OBJC_ROOT_CLASS = YES_ERROR;
				CLANG_WARN_UNREACHABLE_CODE = YES;
				CLANG_WARN__DUPLICATE_METHOD_MATCH = YES;
				"CODE_SIGN_IDENTITY[sdk=iphoneos*]" = "iPhone Developer";
				COPY_PHASE_STRIP = NO;
				DEBUG_INFORMATION_FORMAT = dwarf;
				ENABLE_STRICT_OBJC_MSGSEND = YES;
				ENABLE_TESTABILITY = YES;
				GCC_C_LANGUAGE_STANDARD = gnu99;
				GCC_DYNAMIC_NO_PIC = NO;
				GCC_NO_COMMON_BLOCKS = YES;
				GCC_OPTIMIZATION_LEVEL = 0;
				GCC_PREPROCESSOR_DEFINITIONS = (
					"DEBUG=1",
					"$(inherited)",
				);
				GCC_WARN_64_TO_32_BIT_CONVERSION = YES;
				GCC_WARN_ABOUT_RETURN_TYPE = YES_ERROR;
				GCC_WARN_UNDECLARED_SELECTOR = YES;
				GCC_WARN_UNINITIALIZED_AUTOS = YES_AGGRESSIVE;
				GCC_WARN_UNUSED_FUNCTION = YES;
				GCC_WARN_UNUSED_VARIABLE = YES;
				IPHONEOS_DEPLOYMENT_TARGET = 9.2;
				MTL_ENABLE_DEBUG_INFO = YES;
				ONLY_ACTIVE_ARCH = YES;
				SDKROOT = iphoneos;
				SWIFT_OPTIMIZATION_LEVEL = "-Onone";
			};
			name = Debug;
		};
		26D0BB2B1C73647500285584 /* Release */ = {
			isa = XCBuildConfiguration;
			buildSettings = {
				ALWAYS_SEARCH_USER_PATHS = NO;
				CLANG_CXX_LANGUAGE_STANDARD = "gnu++0x";
				CLANG_CXX_LIBRARY = "libc++";
				CLANG_ENABLE_MODULES = YES;
				CLANG_ENABLE_OBJC_ARC = YES;
				CLANG_WARN_BOOL_CONVERSION = YES;
				CLANG_WARN_CONSTANT_CONVERSION = YES;
				CLANG_WARN_DIRECT_OBJC_ISA_USAGE = YES_ERROR;
				CLANG_WARN_EMPTY_BODY = YES;
				CLANG_WARN_ENUM_CONVERSION = YES;
				CLANG_WARN_INT_CONVERSION = YES;
				CLANG_WARN_OBJC_ROOT_CLASS = YES_ERROR;
				CLANG_WARN_UNREACHABLE_CODE = YES;
				CLANG_WARN__DUPLICATE_METHOD_MATCH = YES;
				"CODE_SIGN_IDENTITY[sdk=iphoneos*]" = "iPhone Developer";
				COPY_PHASE_STRIP = NO;
				DEBUG_INFORMATION_FORMAT = "dwarf-with-dsym";
				ENABLE_NS_ASSERTIONS = NO;
				ENABLE_STRICT_OBJC_MSGSEND = YES;
				GCC_C_LANGUAGE_STANDARD = gnu99;
				GCC_NO_COMMON_BLOCKS = YES;
				GCC_WARN_64_TO_32_BIT_CONVERSION = YES;
				GCC_WARN_ABOUT_RETURN_TYPE = YES_ERROR;
				GCC_WARN_UNDECLARED_SELECTOR = YES;
				GCC_WARN_UNINITIALIZED_AUTOS = YES_AGGRESSIVE;
				GCC_WARN_UNUSED_FUNCTION = YES;
				GCC_WARN_UNUSED_VARIABLE = YES;
				IPHONEOS_DEPLOYMENT_TARGET = 9.2;
				MTL_ENABLE_DEBUG_INFO = NO;
				SDKROOT = iphoneos;
				VALIDATE_PRODUCT = YES;
			};
			name = Release;
		};
		26D0BB2D1C73647500285584 /* Debug */ = {
			isa = XCBuildConfiguration;
			buildSettings = {
				ASSETCATALOG_COMPILER_APPICON_NAME = AppIcon;
				INFOPLIST_FILE = MPS/Info.plist;
				LD_RUNPATH_SEARCH_PATHS = "$(inherited) @executable_path/Frameworks";
				PRODUCT_BUNDLE_IDENTIFIER = com.tfotr.MPS;
				PRODUCT_NAME = "$(TARGET_NAME)";
			};
			name = Debug;
		};
		26D0BB2E1C73647500285584 /* Release */ = {
			isa = XCBuildConfiguration;
			buildSettings = {
				ASSETCATALOG_COMPILER_APPICON_NAME = AppIcon;
				INFOPLIST_FILE = MPS/Info.plist;
				LD_RUNPATH_SEARCH_PATHS = "$(inherited) @executable_path/Frameworks";
				PRODUCT_BUNDLE_IDENTIFIER = com.tfotr.MPS;
				PRODUCT_NAME = "$(TARGET_NAME)";
			};
			name = Release;
		};
/* End XCBuildConfiguration section */

/* Begin XCConfigurationList section */
		26D0BB121C73647400285584 /* Build configuration list for PBXProject "MPS" */ = {
			isa = XCConfigurationList;
			buildConfigurations = (
				26D0BB2A1C73647500285584 /* Debug */,
				26D0BB2B1C73647500285584 /* Release */,
			);
			defaultConfigurationIsVisible = 0;
			defaultConfigurationName = Release;
		};
		26D0BB2C1C73647500285584 /* Build configuration list for PBXNativeTarget "MPS" */ = {
			isa = XCConfigurationList;
			buildConfigurations = (
				26D0BB2D1C73647500285584 /* Debug */,
				26D0BB2E1C73647500285584 /* Release */,
			);
			defaultConfigurationIsVisible = 0;
		};
/* End XCConfigurationList section */

/* Begin XCVersionGroup section */
		26D0BB211C73647400285584 /* MPS.xcdatamodeld */ = {
			isa = XCVersionGroup;
			children = (
				26D0BB221C73647400285584 /* MPS.xcdatamodel */,
			);
			currentVersion = 26D0BB221C73647400285584 /* MPS.xcdatamodel */;
			path = MPS.xcdatamodeld;
			sourceTree = "<group>";
			versionGroupType = wrapper.xcdatamodel;
		};
/* End XCVersionGroup section */
	};
	rootObject = 26D0BB0F1C73647400285584 /* Project object */;
}
